
Microsoft Visual Studio Solution File, Format Version 12.00
# Visual Studio Version 17
VisualStudioVersion = 17.9.34622.214
MinimumVisualStudioVersion = 10.0.40219.1
Project("{FAE04EC0-301F-11D3-BF4B-00C04F79EFBC}") = "WeatherModule", "WeatherModule\WeatherModule.csproj", "{58088880-FF9C-40C1-8EA0-3F9832BD9C63}"
EndProject
Project("{FAE04EC0-301F-11D3-BF4B-00C04F79EFBC}") = "WeatherAPIModule", "WeatherAPIModule\WeatherAPIModule.csproj", "{EE665B02-B7A5-4A2B-B443-6BE8DE9082BE}"
EndProject
Project("{FAE04EC0-301F-11D3-BF4B-00C04F79EFBC}") = "WeatherAPIModuleTests", "WeatherAPIModuleTests\WeatherAPIModuleTests.csproj", "{CFF3F8D6-BFDF-4919-8696-84E664EDA8BE}"
EndProject
Global
	GlobalSection(SolutionConfigurationPlatforms) = preSolution
		Debug|Any CPU = Debug|Any CPU
		Release|Any CPU = Release|Any CPU
	EndGlobalSection
	GlobalSection(ProjectConfigurationPlatforms) = postSolution
		{58088880-FF9C-40C1-8EA0-3F9832BD9C63}.Debug|Any CPU.ActiveCfg = Debug|Any CPU
		{58088880-FF9C-40C1-8EA0-3F9832BD9C63}.Debug|Any CPU.Build.0 = Debug|Any CPU
		{58088880-FF9C-40C1-8EA0-3F9832BD9C63}.Release|Any CPU.ActiveCfg = Release|Any CPU
		{58088880-FF9C-40C1-8EA0-3F9832BD9C63}.Release|Any CPU.Build.0 = Release|Any CPU
		{EE665B02-B7A5-4A2B-B443-6BE8DE9082BE}.Debug|Any CPU.ActiveCfg = Debug|Any CPU
		{EE665B02-B7A5-4A2B-B443-6BE8DE9082BE}.Debug|Any CPU.Build.0 = Debug|Any CPU
		{EE665B02-B7A5-4A2B-B443-6BE8DE9082BE}.Release|Any CPU.ActiveCfg = Release|Any CPU
		{EE665B02-B7A5-4A2B-B443-6BE8DE9082BE}.Release|Any CPU.Build.0 = Release|Any CPU
		{CFF3F8D6-BFDF-4919-8696-84E664EDA8BE}.Debug|Any CPU.ActiveCfg = Debug|Any CPU
		{CFF3F8D6-BFDF-4919-8696-84E664EDA8BE}.Debug|Any CPU.Build.0 = Debug|Any CPU
		{CFF3F8D6-BFDF-4919-8696-84E664EDA8BE}.Release|Any CPU.ActiveCfg = Release|Any CPU
		{CFF3F8D6-BFDF-4919-8696-84E664EDA8BE}.Release|Any CPU.Build.0 = Release|Any CPU
	EndGlobalSection
	GlobalSection(SolutionProperties) = preSolution
		HideSolutionNode = FALSE
	EndGlobalSection
	GlobalSection(ExtensibilityGlobals) = postSolution
		SolutionGuid = {D8C5EE73-E82B-45C6-B04E-CA7A02E6150C}
	EndGlobalSection
EndGlobal
